
Microsoft Visual Studio Solution File, Format Version 12.00
# Visual Studio Version 17
VisualStudioVersion = 17.12.35527.113 d17.12
MinimumVisualStudioVersion = 10.0.40219.1
Project("{FAE04EC0-301F-11D3-BF4B-00C04F79EFBC}") = "ERP", "ERP\ERP.csproj", "{434F5772-6F16-4D6A-951A-23547DF082D5}"
EndProject
Global
	GlobalSection(SolutionConfigurationPlatforms) = preSolution
		Debug|Any CPU = Debug|Any CPU
		Release|Any CPU = Release|Any CPU
	EndGlobalSection
	GlobalSection(ProjectConfigurationPlatforms) = postSolution
		{434F5772-6F16-4D6A-951A-23547DF082D5}.Debug|Any CPU.ActiveCfg = Debug|Any CPU
		{434F5772-6F16-4D6A-951A-23547DF082D5}.Debug|Any CPU.Build.0 = Debug|Any CPU
		{434F5772-6F16-4D6A-951A-23547DF082D5}.Debug|Any CPU.Deploy.0 = Debug|Any CPU
		{434F5772-6F16-4D6A-951A-23547DF082D5}.Release|Any CPU.ActiveCfg = Release|Any CPU
		{434F5772-6F16-4D6A-951A-23547DF082D5}.Release|Any CPU.Build.0 = Release|Any CPU
		{434F5772-6F16-4D6A-951A-23547DF082D5}.Release|Any CPU.Deploy.0 = Release|Any CPU
	EndGlobalSection
	GlobalSection(SolutionProperties) = preSolution
		HideSolutionNode = FALSE
	EndGlobalSection
EndGlobal
